
Microsoft Visual Studio Solution File, Format Version 12.00
# Visual Studio Version 18
VisualStudioVersion = 18.5.11619.145 insiders
MinimumVisualStudioVersion = 10.0.40219.1
Project("{FAE04EC0-301F-11D3-BF4B-00C04F79EFBC}") = "ParkingManagementSystem", "ParkingManagementSystem.csproj", "{C807C976-09E3-4BE1-9427-599B2E658E07}"
EndProject
Global
	GlobalSection(SolutionConfigurationPlatforms) = preSolution
		Debug|Any CPU = Debug|Any CPU
		Release|Any CPU = Release|Any CPU
	EndGlobalSection
	GlobalSection(ProjectConfigurationPlatforms) = postSolution
		{C807C976-09E3-4BE1-9427-599B2E658E07}.Debug|Any CPU.ActiveCfg = Debug|Any CPU
		{C807C976-09E3-4BE1-9427-599B2E658E07}.Debug|Any CPU.Build.0 = Debug|Any CPU
		{C807C976-09E3-4BE1-9427-599B2E658E07}.Release|Any CPU.ActiveCfg = Release|Any CPU
		{C807C976-09E3-4BE1-9427-599B2E658E07}.Release|Any CPU.Build.0 = Release|Any CPU
	EndGlobalSection
	GlobalSection(SolutionProperties) = preSolution
		HideSolutionNode = FALSE
	EndGlobalSection
	GlobalSection(ExtensibilityGlobals) = postSolution
		SolutionGuid = {66EB457F-8622-43FE-BC16-86B198DD8C67}
	EndGlobalSection
EndGlobal
